// !$*UTF8*$!
{
	archiveVersion = 1;
	classes = {
	};
	objectVersion = 46;
	objects = {

/* Begin PBXBuildFile section */
		6B3C85C82050008300E6E993 /* GT3Captcha.bundle in Resources */ = {isa = PBXBuildFile; fileRef = 6B3C85C62050008300E6E993 /* GT3Captcha.bundle */; };
		6B3C85C92050008300E6E993 /* GT3Captcha.framework in Frameworks */ = {isa = PBXBuildFile; fileRef = 6B3C85C72050008300E6E993 /* GT3Captcha.framework */; };
		7A0FD5A51EB37E51000A4518 /* CustomButton.m in Sources */ = {isa = PBXBuildFile; fileRef = 7A0FD5981EB37E51000A4518 /* CustomButton.m */; };
		7A0FD5A61EB37E51000A4518 /* LoginViewController.m in Sources */ = {isa = PBXBuildFile; fileRef = 7A0FD59A1EB37E51000A4518 /* LoginViewController.m */; };
		7A0FD5A71EB37E51000A4518 /* NSAttributedString+AttributedString.m in Sources */ = {isa = PBXBuildFile; fileRef = 7A0FD59C1EB37E51000A4518 /* NSAttributedString+AttributedString.m */; };
		7A0FD5A81EB37E51000A4518 /* RegisterViewController.m in Sources */ = {isa = PBXBuildFile; fileRef = 7A0FD59E1EB37E51000A4518 /* RegisterViewController.m */; };
		7A0FD5A91EB37E51000A4518 /* TableViewController.m in Sources */ = {isa = PBXBuildFile; fileRef = 7A0FD5A01EB37E51000A4518 /* TableViewController.m */; };
		7A0FD5AA1EB37E51000A4518 /* TextField.m in Sources */ = {isa = PBXBuildFile; fileRef = 7A0FD5A21EB37E51000A4518 /* TextField.m */; };
		7A0FD5AB1EB37E51000A4518 /* TipsView.m in Sources */ = {isa = PBXBuildFile; fileRef = 7A0FD5A41EB37E51000A4518 /* TipsView.m */; };
		7A4FC9711E814D600045C748 /* main.m in Sources */ = {isa = PBXBuildFile; fileRef = 7A4FC9701E814D600045C748 /* main.m */; };
		7A4FC9741E814D600045C748 /* AppDelegate.m in Sources */ = {isa = PBXBuildFile; fileRef = 7A4FC9731E814D600045C748 /* AppDelegate.m */; };
		7A4FC97A1E814D600045C748 /* Main.storyboard in Resources */ = {isa = PBXBuildFile; fileRef = 7A4FC9781E814D600045C748 /* Main.storyboard */; };
		7A4FC97F1E814D600045C748 /* LaunchScreen.storyboard in Resources */ = {isa = PBXBuildFile; fileRef = 7A4FC97D1E814D600045C748 /* LaunchScreen.storyboard */; };
		7A958B1D1E8D5A850030EBC3 /* WebKit.framework in Frameworks */ = {isa = PBXBuildFile; fileRef = 7A958B1C1E8D5A850030EBC3 /* WebKit.framework */; };
		7A9BA10C1F289D5700FB2336 /* AsyncButton.m in Sources */ = {isa = PBXBuildFile; fileRef = 7A9BA10B1F289D5700FB2336 /* AsyncButton.m */; };
		BF14B6F01FA71E6700F2F8D3 /* Asset.xcassets in Resources */ = {isa = PBXBuildFile; fileRef = BF14B6EF1FA71E6700F2F8D3 /* Asset.xcassets */; };
		BF14B6F21FA7216B00F2F8D3 /* background.png in Resources */ = {isa = PBXBuildFile; fileRef = BF14B6F11FA7216B00F2F8D3 /* background.png */; };
/* End PBXBuildFile section */

/* Begin PBXCopyFilesBuildPhase section */
		7A9D640D1F06325B007B6C07 /* Embed Frameworks */ = {
			isa = PBXCopyFilesBuildPhase;
			buildActionMask = 2147483647;
			dstPath = "";
			dstSubfolderSpec = 10;
			files = (
			);
			name = "Embed Frameworks";
			runOnlyForDeploymentPostprocessing = 0;
		};
/* End PBXCopyFilesBuildPhase section */

/* Begin PBXFileReference section */
		6B3C85C62050008300E6E993 /* GT3Captcha.bundle */ = {isa = PBXFileReference; lastKnownFileType = "wrapper.plug-in"; path = GT3Captcha.bundle; sourceTree = "<group>"; };
		6B3C85C72050008300E6E993 /* GT3Captcha.framework */ = {isa = PBXFileReference; lastKnownFileType = wrapper.framework; path = GT3Captcha.framework; sourceTree = "<group>"; };
		7A0FD5971EB37E51000A4518 /* CustomButton.h */ = {isa = PBXFileReference; fileEncoding = 4; lastKnownFileType = sourcecode.c.h; path = CustomButton.h; sourceTree = "<group>"; };
		7A0FD5981EB37E51000A4518 /* CustomButton.m */ = {isa = PBXFileReference; fileEncoding = 4; lastKnownFileType = sourcecode.c.objc; path = CustomButton.m; sourceTree = "<group>"; };
		7A0FD5991EB37E51000A4518 /* LoginViewController.h */ = {isa = PBXFileReference; fileEncoding = 4; lastKnownFileType = sourcecode.c.h; path = LoginViewController.h; sourceTree = "<group>"; };
		7A0FD59A1EB37E51000A4518 /* LoginViewController.m */ = {isa = PBXFileReference; fileEncoding = 4; lastKnownFileType = sourcecode.c.objc; path = LoginViewController.m; sourceTree = "<group>"; };
		7A0FD59B1EB37E51000A4518 /* NSAttributedString+AttributedString.h */ = {isa = PBXFileReference; fileEncoding = 4; lastKnownFileType = sourcecode.c.h; path = "NSAttributedString+AttributedString.h"; sourceTree = "<group>"; };
		7A0FD59C1EB37E51000A4518 /* NSAttributedString+AttributedString.m */ = {isa = PBXFileReference; fileEncoding = 4; lastKnownFileType = sourcecode.c.objc; path = "NSAttributedString+AttributedString.m"; sourceTree = "<group>"; };
		7A0FD59D1EB37E51000A4518 /* RegisterViewController.h */ = {isa = PBXFileReference; fileEncoding = 4; lastKnownFileType = sourcecode.c.h; path = RegisterViewController.h; sourceTree = "<group>"; };
		7A0FD59E1EB37E51000A4518 /* RegisterViewController.m */ = {isa = PBXFileReference; fileEncoding = 4; lastKnownFileType = sourcecode.c.objc; path = RegisterViewController.m; sourceTree = "<group>"; };
		7A0FD59F1EB37E51000A4518 /* TableViewController.h */ = {isa = PBXFileReference; fileEncoding = 4; lastKnownFileType = sourcecode.c.h; path = TableViewController.h; sourceTree = "<group>"; };
		7A0FD5A01EB37E51000A4518 /* TableViewController.m */ = {isa = PBXFileReference; fileEncoding = 4; lastKnownFileType = sourcecode.c.objc; path = TableViewController.m; sourceTree = "<group>"; };
		7A0FD5A11EB37E51000A4518 /* TextField.h */ = {isa = PBXFileReference; fileEncoding = 4; lastKnownFileType = sourcecode.c.h; path = TextField.h; sourceTree = "<group>"; };
		7A0FD5A21EB37E51000A4518 /* TextField.m */ = {isa = PBXFileReference; fileEncoding = 4; lastKnownFileType = sourcecode.c.objc; path = TextField.m; sourceTree = "<group>"; };
		7A0FD5A31EB37E51000A4518 /* TipsView.h */ = {isa = PBXFileReference; fileEncoding = 4; lastKnownFileType = sourcecode.c.h; path = TipsView.h; sourceTree = "<group>"; };
		7A0FD5A41EB37E51000A4518 /* TipsView.m */ = {isa = PBXFileReference; fileEncoding = 4; lastKnownFileType = sourcecode.c.objc; path = TipsView.m; sourceTree = "<group>"; };
		7A4FC96C1E814D600045C748 /* GT3Example.app */ = {isa = PBXFileReference; explicitFileType = wrapper.application; includeInIndex = 0; path = GT3Example.app; sourceTree = BUILT_PRODUCTS_DIR; };
		7A4FC9701E814D600045C748 /* main.m */ = {isa = PBXFileReference; lastKnownFileType = sourcecode.c.objc; path = main.m; sourceTree = "<group>"; };
		7A4FC9721E814D600045C748 /* AppDelegate.h */ = {isa = PBXFileReference; lastKnownFileType = sourcecode.c.h; path = AppDelegate.h; sourceTree = "<group>"; };
		7A4FC9731E814D600045C748 /* AppDelegate.m */ = {isa = PBXFileReference; lastKnownFileType = sourcecode.c.objc; path = AppDelegate.m; sourceTree = "<group>"; };
		7A4FC9791E814D600045C748 /* Base */ = {isa = PBXFileReference; lastKnownFileType = file.storyboard; name = Base; path = Base.lproj/Main.storyboard; sourceTree = "<group>"; };
		7A4FC97E1E814D600045C748 /* Base */ = {isa = PBXFileReference; lastKnownFileType = file.storyboard; name = Base; path = Base.lproj/LaunchScreen.storyboard; sourceTree = "<group>"; };
		7A4FC9801E814D600045C748 /* Info.plist */ = {isa = PBXFileReference; lastKnownFileType = text.plist.xml; path = Info.plist; sourceTree = "<group>"; };
		7A958B1C1E8D5A850030EBC3 /* WebKit.framework */ = {isa = PBXFileReference; lastKnownFileType = wrapper.framework; name = WebKit.framework; path = System/Library/Frameworks/WebKit.framework; sourceTree = SDKROOT; };
		7A9BA10A1F289D5700FB2336 /* AsyncButton.h */ = {isa = PBXFileReference; fileEncoding = 4; lastKnownFileType = sourcecode.c.h; path = AsyncButton.h; sourceTree = "<group>"; };
		7A9BA10B1F289D5700FB2336 /* AsyncButton.m */ = {isa = PBXFileReference; fileEncoding = 4; lastKnownFileType = sourcecode.c.objc; path = AsyncButton.m; sourceTree = "<group>"; };
		BF14B6EF1FA71E6700F2F8D3 /* Asset.xcassets */ = {isa = PBXFileReference; lastKnownFileType = folder.assetcatalog; path = Asset.xcassets; sourceTree = "<group>"; };
		BF14B6F11FA7216B00F2F8D3 /* background.png */ = {isa = PBXFileReference; lastKnownFileType = image.png; path = background.png; sourceTree = "<group>"; };
/* End PBXFileReference section */

/* Begin PBXFrameworksBuildPhase section */
		7A4FC9691E814D600045C748 /* Frameworks */ = {
			isa = PBXFrameworksBuildPhase;
			buildActionMask = 2147483647;
			files = (
				6B3C85C92050008300E6E993 /* GT3Captcha.framework in Frameworks */,
				7A958B1D1E8D5A850030EBC3 /* WebKit.framework in Frameworks */,
			);
			runOnlyForDeploymentPostprocessing = 0;
		};
/* End PBXFrameworksBuildPhase section */

/* Begin PBXGroup section */
		7A4FC9631E814D600045C748 = {
			isa = PBXGroup;
			children = (
				6B3C85C62050008300E6E993 /* GT3Captcha.bundle */,
				6B3C85C72050008300E6E993 /* GT3Captcha.framework */,
				7A4FC96E1E814D600045C748 /* GT3Exmaple */,
				7A4FC96D1E814D600045C748 /* Products */,
				7A958B1B1E8D5A850030EBC3 /* Frameworks */,
			);
			sourceTree = "<group>";
		};
		7A4FC96D1E814D600045C748 /* Products */ = {
			isa = PBXGroup;
			children = (
				7A4FC96C1E814D600045C748 /* GT3Example.app */,
			);
			name = Products;
			sourceTree = "<group>";
		};
		7A4FC96E1E814D600045C748 /* GT3Exmaple */ = {
			isa = PBXGroup;
			children = (
				7A4FC9721E814D600045C748 /* AppDelegate.h */,
				7A4FC9731E814D600045C748 /* AppDelegate.m */,
				7A0FD5971EB37E51000A4518 /* CustomButton.h */,
				7A0FD5981EB37E51000A4518 /* CustomButton.m */,
				7A9BA10A1F289D5700FB2336 /* AsyncButton.h */,
				7A9BA10B1F289D5700FB2336 /* AsyncButton.m */,
				7A0FD5991EB37E51000A4518 /* LoginViewController.h */,
				7A0FD59A1EB37E51000A4518 /* LoginViewController.m */,
				7A0FD59B1EB37E51000A4518 /* NSAttributedString+AttributedString.h */,
				7A0FD59C1EB37E51000A4518 /* NSAttributedString+AttributedString.m */,
				7A0FD59D1EB37E51000A4518 /* RegisterViewController.h */,
				7A0FD59E1EB37E51000A4518 /* RegisterViewController.m */,
				7A0FD59F1EB37E51000A4518 /* TableViewController.h */,
				7A0FD5A01EB37E51000A4518 /* TableViewController.m */,
				7A0FD5A11EB37E51000A4518 /* TextField.h */,
				7A0FD5A21EB37E51000A4518 /* TextField.m */,
				7A0FD5A31EB37E51000A4518 /* TipsView.h */,
				7A0FD5A41EB37E51000A4518 /* TipsView.m */,
				7A4FC96F1E814D600045C748 /* Supporting Files */,
			);
			path = GT3Exmaple;
			sourceTree = "<group>";
		};
		7A4FC96F1E814D600045C748 /* Supporting Files */ = {
			isa = PBXGroup;
			children = (
				BF14B6F11FA7216B00F2F8D3 /* background.png */,
				7A4FC9781E814D600045C748 /* Main.storyboard */,
				7A4FC97D1E814D600045C748 /* LaunchScreen.storyboard */,
				7A4FC9801E814D600045C748 /* Info.plist */,
				7A4FC9701E814D600045C748 /* main.m */,
				BF14B6EF1FA71E6700F2F8D3 /* Asset.xcassets */,
			);
			name = "Supporting Files";
			sourceTree = "<group>";
		};
		7A958B1B1E8D5A850030EBC3 /* Frameworks */ = {
			isa = PBXGroup;
			children = (
				7A958B1C1E8D5A850030EBC3 /* WebKit.framework */,
			);
			name = Frameworks;
			sourceTree = "<group>";
		};
/* End PBXGroup section */

/* Begin PBXNativeTarget section */
		7A4FC96B1E814D600045C748 /* GT3Example */ = {
			isa = PBXNativeTarget;
			buildConfigurationList = 7A4FC9831E814D600045C748 /* Build configuration list for PBXNativeTarget "GT3Example" */;
			buildPhases = (
				7A4FC9681E814D600045C748 /* Sources */,
				7A4FC9691E814D600045C748 /* Frameworks */,
				7A4FC96A1E814D600045C748 /* Resources */,
				7A9D640D1F06325B007B6C07 /* Embed Frameworks */,
			);
			buildRules = (
			);
			dependencies = (
			);
			name = GT3Example;
			productName = GT3Exmaple;
			productReference = 7A4FC96C1E814D600045C748 /* GT3Example.app */;
			productType = "com.apple.product-type.application";
		};
/* End PBXNativeTarget section */

/* Begin PBXProject section */
		7A4FC9641E814D600045C748 /* Project object */ = {
			isa = PBXProject;
			attributes = {
				LastUpgradeCheck = 0820;
				ORGANIZATIONNAME = Xniko;
				TargetAttributes = {
					7A4FC96B1E814D600045C748 = {
						CreatedOnToolsVersion = 8.2;
						DevelopmentTeam = 2448B7W898;
						ProvisioningStyle = Automatic;
					};
				};
			};
			buildConfigurationList = 7A4FC9671E814D600045C748 /* Build configuration list for PBXProject "GT3Example" */;
			compatibilityVersion = "Xcode 3.2";
			developmentRegion = English;
			hasScannedForEncodings = 0;
			knownRegions = (
				en,
				Base,
			);
			mainGroup = 7A4FC9631E814D600045C748;
			productRefGroup = 7A4FC96D1E814D600045C748 /* Products */;
			projectDirPath = "";
			projectRoot = "";
			targets = (
				7A4FC96B1E814D600045C748 /* GT3Example */,
			);
		};
/* End PBXProject section */

/* Begin PBXResourcesBuildPhase section */
		7A4FC96A1E814D600045C748 /* Resources */ = {
			isa = PBXResourcesBuildPhase;
			buildActionMask = 2147483647;
			files = (
				7A4FC97F1E814D600045C748 /* LaunchScreen.storyboard in Resources */,
				6B3C85C82050008300E6E993 /* GT3Captcha.bundle in Resources */,
				BF14B6F21FA7216B00F2F8D3 /* background.png in Resources */,
				7A4FC97A1E814D600045C748 /* Main.storyboard in Resources */,
				BF14B6F01FA71E6700F2F8D3 /* Asset.xcassets in Resources */,
			);
			runOnlyForDeploymentPostprocessing = 0;
		};
/* End PBXResourcesBuildPhase section */

/* Begin PBXSourcesBuildPhase section */
		7A4FC9681E814D600045C748 /* Sources */ = {
			isa = PBXSourcesBuildPhase;
			buildActionMask = 2147483647;
			files = (
				7A9BA10C1F289D5700FB2336 /* AsyncButton.m in Sources */,
				7A0FD5A61EB37E51000A4518 /* LoginViewController.m in Sources */,
				7A0FD5A81EB37E51000A4518 /* RegisterViewController.m in Sources */,
				7A0FD5A51EB37E51000A4518 /* CustomButton.m in Sources */,
				7A4FC9741E814D600045C748 /* AppDelegate.m in Sources */,
				7A4FC9711E814D600045C748 /* main.m in Sources */,
				7A0FD5A91EB37E51000A4518 /* TableViewController.m in Sources */,
				7A0FD5AB1EB37E51000A4518 /* TipsView.m in Sources */,
				7A0FD5A71EB37E51000A4518 /* NSAttributedString+AttributedString.m in Sources */,
				7A0FD5AA1EB37E51000A4518 /* TextField.m in Sources */,
			);
			runOnlyForDeploymentPostprocessing = 0;
		};
/* End PBXSourcesBuildPhase section */

/* Begin PBXVariantGroup section */
		7A4FC9781E814D600045C748 /* Main.storyboard */ = {
			isa = PBXVariantGroup;
			children = (
				7A4FC9791E814D600045C748 /* Base */,
			);
			name = Main.storyboard;
			sourceTree = "<group>";
		};
		7A4FC97D1E814D600045C748 /* LaunchScreen.storyboard */ = {
			isa = PBXVariantGroup;
			children = (
				7A4FC97E1E814D600045C748 /* Base */,
			);
			name = LaunchScreen.storyboard;
			sourceTree = "<group>";
		};
/* End PBXVariantGroup section */

/* Begin XCBuildConfiguration section */
		7A4FC9811E814D600045C748 /* Debug */ = {
			isa = XCBuildConfiguration;
			buildSettings = {
				ALWAYS_SEARCH_USER_PATHS = NO;
				CLANG_ANALYZER_NONNULL = YES;
				CLANG_CXX_LANGUAGE_STANDARD = "gnu++0x";
				CLANG_CXX_LIBRARY = "libc++";
				CLANG_ENABLE_MODULES = YES;
				CLANG_ENABLE_OBJC_ARC = YES;
				CLANG_WARN_BOOL_CONVERSION = YES;
				CLANG_WARN_CONSTANT_CONVERSION = YES;
				CLANG_WARN_DIRECT_OBJC_ISA_USAGE = YES_ERROR;
				CLANG_WARN_DOCUMENTATION_COMMENTS = YES;
				CLANG_WARN_EMPTY_BODY = YES;
				CLANG_WARN_ENUM_CONVERSION = YES;
				CLANG_WARN_INFINITE_RECURSION = YES;
				CLANG_WARN_INT_CONVERSION = YES;
				CLANG_WARN_OBJC_ROOT_CLASS = YES_ERROR;
				CLANG_WARN_SUSPICIOUS_MOVE = YES;
				CLANG_WARN_UNREACHABLE_CODE = YES;
				CLANG_WARN__DUPLICATE_METHOD_MATCH = YES;
				"CODE_SIGN_IDENTITY[sdk=iphoneos*]" = "iPhone Developer";
				COPY_PHASE_STRIP = NO;
				DEBUG_INFORMATION_FORMAT = dwarf;
				ENABLE_STRICT_OBJC_MSGSEND = YES;
				ENABLE_TESTABILITY = YES;
				GCC_C_LANGUAGE_STANDARD = gnu99;
				GCC_DYNAMIC_NO_PIC = NO;
				GCC_NO_COMMON_BLOCKS = YES;
				GCC_OPTIMIZATION_LEVEL = 0;
				GCC_PREPROCESSOR_DEFINITIONS = (
					"DEBUG=1",
					"$(inherited)",
				);
				GCC_WARN_64_TO_32_BIT_CONVERSION = YES;
				GCC_WARN_ABOUT_RETURN_TYPE = YES_ERROR;
				GCC_WARN_UNDECLARED_SELECTOR = YES;
				GCC_WARN_UNINITIALIZED_AUTOS = YES_AGGRESSIVE;
				GCC_WARN_UNUSED_FUNCTION = YES;
				GCC_WARN_UNUSED_VARIABLE = YES;
				IPHONEOS_DEPLOYMENT_TARGET = 10.2;
				MTL_ENABLE_DEBUG_INFO = YES;
				ONLY_ACTIVE_ARCH = YES;
				SDKROOT = iphoneos;
				TARGETED_DEVICE_FAMILY = "1,2";
			};
			name = Debug;
		};
		7A4FC9821E814D600045C748 /* Release */ = {
			isa = XCBuildConfiguration;
			buildSettings = {
				ALWAYS_SEARCH_USER_PATHS = NO;
				CLANG_ANALYZER_NONNULL = YES;
				CLANG_CXX_LANGUAGE_STANDARD = "gnu++0x";
				CLANG_CXX_LIBRARY = "libc++";
				CLANG_ENABLE_MODULES = YES;
				CLANG_ENABLE_OBJC_ARC = YES;
				CLANG_WARN_BOOL_CONVERSION = YES;
				CLANG_WARN_CONSTANT_CONVERSION = YES;
				CLANG_WARN_DIRECT_OBJC_ISA_USAGE = YES_ERROR;
				CLANG_WARN_DOCUMENTATION_COMMENTS = YES;
				CLANG_WARN_EMPTY_BODY = YES;
				CLANG_WARN_ENUM_CONVERSION = YES;
				CLANG_WARN_INFINITE_RECURSION = YES;
				CLANG_WARN_INT_CONVERSION = YES;
				CLANG_WARN_OBJC_ROOT_CLASS = YES_ERROR;
				CLANG_WARN_SUSPICIOUS_MOVE = YES;
				CLANG_WARN_UNREACHABLE_CODE = YES;
				CLANG_WARN__DUPLICATE_METHOD_MATCH = YES;
				"CODE_SIGN_IDENTITY[sdk=iphoneos*]" = "iPhone Developer";
				COPY_PHASE_STRIP = NO;
				DEBUG_INFORMATION_FORMAT = "dwarf-with-dsym";
				ENABLE_NS_ASSERTIONS = NO;
				ENABLE_STRICT_OBJC_MSGSEND = YES;
				GCC_C_LANGUAGE_STANDARD = gnu99;
				GCC_NO_COMMON_BLOCKS = YES;
				GCC_WARN_64_TO_32_BIT_CONVERSION = YES;
				GCC_WARN_ABOUT_RETURN_TYPE = YES_ERROR;
				GCC_WARN_UNDECLARED_SELECTOR = YES;
				GCC_WARN_UNINITIALIZED_AUTOS = YES_AGGRESSIVE;
				GCC_WARN_UNUSED_FUNCTION = YES;
				GCC_WARN_UNUSED_VARIABLE = YES;
				IPHONEOS_DEPLOYMENT_TARGET = 10.2;
				MTL_ENABLE_DEBUG_INFO = NO;
				SDKROOT = iphoneos;
				TARGETED_DEVICE_FAMILY = "1,2";
				VALIDATE_PRODUCT = YES;
			};
			name = Release;
		};
		7A4FC9841E814D600045C748 /* Debug */ = {
			isa = XCBuildConfiguration;
			buildSettings = {
				ASSETCATALOG_COMPILER_APPICON_NAME = AppIcon;
				DEVELOPMENT_TEAM = 2448B7W898;
				ENABLE_BITCODE = NO;
				FRAMEWORK_SEARCH_PATHS = (
					"$(inherited)",
					"$(PROJECT_DIR)",
				);
				INFOPLIST_FILE = GT3Exmaple/Info.plist;
				IPHONEOS_DEPLOYMENT_TARGET = 8.0;
				LD_RUNPATH_SEARCH_PATHS = "$(inherited) @executable_path/Frameworks";
				OTHER_LDFLAGS = (
					"-ObjC",
					"-all_load",
				);
				PRODUCT_BUNDLE_IDENTIFIER = Xniko.GT3Exmaple;
				PRODUCT_NAME = "$(TARGET_NAME)";
			};
			name = Debug;
		};
		7A4FC9851E814D600045C748 /* Release */ = {
			isa = XCBuildConfiguration;
			buildSettings = {
				ASSETCATALOG_COMPILER_APPICON_NAME = AppIcon;
				DEVELOPMENT_TEAM = 2448B7W898;
				ENABLE_BITCODE = NO;
				FRAMEWORK_SEARCH_PATHS = (
					"$(inherited)",
					"$(PROJECT_DIR)",
				);
				INFOPLIST_FILE = GT3Exmaple/Info.plist;
				IPHONEOS_DEPLOYMENT_TARGET = 8.0;
				LD_RUNPATH_SEARCH_PATHS = "$(inherited) @executable_path/Frameworks";
				OTHER_LDFLAGS = (
					"-ObjC",
					"-all_load",
				);
				PRODUCT_BUNDLE_IDENTIFIER = Xniko.GT3Exmaple;
				PRODUCT_NAME = "$(TARGET_NAME)";
			};
			name = Release;
		};
/* End XCBuildConfiguration section */

/* Begin XCConfigurationList section */
		7A4FC9671E814D600045C748 /* Build configuration list for PBXProject "GT3Example" */ = {
			isa = XCConfigurationList;
			buildConfigurations = (
				7A4FC9811E814D600045C748 /* Debug */,
				7A4FC9821E814D600045C748 /* Release */,
			);
			defaultConfigurationIsVisible = 0;
			defaultConfigurationName = Release;
		};
		7A4FC9831E814D600045C748 /* Build configuration list for PBXNativeTarget "GT3Example" */ = {
			isa = XCConfigurationList;
			buildConfigurations = (
				7A4FC9841E814D600045C748 /* Debug */,
				7A4FC9851E814D600045C748 /* Release */,
			);
			defaultConfigurationIsVisible = 0;
			defaultConfigurationName = Release;
		};
/* End XCConfigurationList section */
	};
	rootObject = 7A4FC9641E814D600045C748 /* Project object */;
}
